
Microsoft Visual Studio Solution File, Format Version 12.00
# Visual Studio Version 17
VisualStudioVersion = 17.11.35222.181
MinimumVisualStudioVersion = 10.0.40219.1
Project("{9A19103F-16F7-4668-BE54-9A1E7A4F7556}") = "Autenticazione", "Autenticazione\Autenticazione.csproj", "{D371B107-A195-415E-9C76-361640DC4D3A}"
EndProject
Global
	GlobalSection(SolutionConfigurationPlatforms) = preSolution
		Debug|Any CPU = Debug|Any CPU
		Release|Any CPU = Release|Any CPU
	EndGlobalSection
	GlobalSection(ProjectConfigurationPlatforms) = postSolution
		{D371B107-A195-415E-9C76-361640DC4D3A}.Debug|Any CPU.ActiveCfg = Debug|Any CPU
		{D371B107-A195-415E-9C76-361640DC4D3A}.Debug|Any CPU.Build.0 = Debug|Any CPU
		{D371B107-A195-415E-9C76-361640DC4D3A}.Release|Any CPU.ActiveCfg = Release|Any CPU
		{D371B107-A195-415E-9C76-361640DC4D3A}.Release|Any CPU.Build.0 = Release|Any CPU
	EndGlobalSection
	GlobalSection(SolutionProperties) = preSolution
		HideSolutionNode = FALSE
	EndGlobalSection
	GlobalSection(ExtensibilityGlobals) = postSolution
		SolutionGuid = {3706A0D8-1282-4674-A1D4-C35CBD6BD59B}
	EndGlobalSection
EndGlobal
